# This file is automatically @generated by Cargo.
# It is not intended for manual editing.
version = 4

[[package]]
name = "audio"
version = "0.1.0"

[[package]]
name = "capture-dxgi"
version = "0.1.0"

[[package]]
name = "capture-wgc"
version = "0.1.0"

[[package]]
name = "encode-amf"
version = "0.1.0"

[[package]]
name = "encode-nvenc"
version = "0.1.0"

[[package]]
name = "encode-qsv"
version = "0.1.0"

[[package]]
name = "encoder-conformance"
version = "0.1.0"

[[package]]
name = "engine"
version = "0.1.0"

[[package]]
name = "host-service"
version = "0.1.0"

[[package]]
name = "input"
version = "0.1.0"

[[package]]
name = "ipc"
version = "0.1.0"

[[package]]
name = "latency-bench"
version = "0.1.0"

[[package]]
name = "loopback"
version = "0.1.0"

[[package]]
name = "pairing-noise"
version = "0.1.0"

[[package]]
name = "protocol"
version = "0.1.0"

[[package]]
name = "transport-quic"
version = "0.1.0"
